
Microsoft Visual Studio Solution File, Format Version 12.00
# Visual Studio Version 16
VisualStudioVersion = 16.0.30524.135
MinimumVisualStudioVersion = 10.0.40219.1
Project("{9A19103F-16F7-4668-BE54-9A1E7A4F7556}") = "lucasitstore", "lucasitstore\lucasitstore.csproj", "{3B5670A9-CADC-4351-BDBB-E1E6ECC45320}"
EndProject
Project("{2150E333-8FDC-42A3-9474-1A3956D46DE8}") = "Solution Items", "Solution Items", "{140DF667-0CAB-40B7-9FD6-4D07FA94F2A1}"
	ProjectSection(SolutionItems) = preProject
		README.md = README.md
	EndProjectSection
EndProject
Project("{FAE04EC0-301F-11D3-BF4B-00C04F79EFBC}") = "lucasitstore.Application", "lucasitstore.Application\lucasitstore.Application.csproj", "{EAB8228C-6EDA-4A4A-B5CC-7A0AEF3E7997}"
EndProject
Project("{FAE04EC0-301F-11D3-BF4B-00C04F79EFBC}") = "lucasitstore.Data", "lucasitstore.Data\lucasitstore.Data.csproj", "{3D9F19FD-4297-4196-9EA9-B194A4683320}"
EndProject
Global
	GlobalSection(SolutionConfigurationPlatforms) = preSolution
		Debug|Any CPU = Debug|Any CPU
		Release|Any CPU = Release|Any CPU
	EndGlobalSection
	GlobalSection(ProjectConfigurationPlatforms) = postSolution
		{3B5670A9-CADC-4351-BDBB-E1E6ECC45320}.Debug|Any CPU.ActiveCfg = Debug|Any CPU
		{3B5670A9-CADC-4351-BDBB-E1E6ECC45320}.Debug|Any CPU.Build.0 = Debug|Any CPU
		{3B5670A9-CADC-4351-BDBB-E1E6ECC45320}.Release|Any CPU.ActiveCfg = Release|Any CPU
		{3B5670A9-CADC-4351-BDBB-E1E6ECC45320}.Release|Any CPU.Build.0 = Release|Any CPU
		{EAB8228C-6EDA-4A4A-B5CC-7A0AEF3E7997}.Debug|Any CPU.ActiveCfg = Debug|Any CPU
		{EAB8228C-6EDA-4A4A-B5CC-7A0AEF3E7997}.Debug|Any CPU.Build.0 = Debug|Any CPU
		{EAB8228C-6EDA-4A4A-B5CC-7A0AEF3E7997}.Release|Any CPU.ActiveCfg = Release|Any CPU
		{EAB8228C-6EDA-4A4A-B5CC-7A0AEF3E7997}.Release|Any CPU.Build.0 = Release|Any CPU
		{3D9F19FD-4297-4196-9EA9-B194A4683320}.Debug|Any CPU.ActiveCfg = Debug|Any CPU
		{3D9F19FD-4297-4196-9EA9-B194A4683320}.Debug|Any CPU.Build.0 = Debug|Any CPU
		{3D9F19FD-4297-4196-9EA9-B194A4683320}.Release|Any CPU.ActiveCfg = Release|Any CPU
		{3D9F19FD-4297-4196-9EA9-B194A4683320}.Release|Any CPU.Build.0 = Release|Any CPU
	EndGlobalSection
	GlobalSection(SolutionProperties) = preSolution
		HideSolutionNode = FALSE
	EndGlobalSection
	GlobalSection(ExtensibilityGlobals) = postSolution
		SolutionGuid = {C719C658-EADF-4A4A-900E-383AF3DFA70F}
	EndGlobalSection
EndGlobal
